// !$*UTF8*$!
{
	archiveVersion = 1;
	classes = {
	};
	objectVersion = 55;
	objects = {

/* Begin PBXBuildFile section */
		0EF3B3BA2DBCC7D21CB85926 /* Pods_MetaU_Capstone_Project_MetaU_Capstone_ProjectUITests.framework in Frameworks */ = {isa = PBXBuildFile; fileRef = 867BB3952FCAD4C9824A8344 /* Pods_MetaU_Capstone_Project_MetaU_Capstone_ProjectUITests.framework */; };
		593BA95860C803E0906B98AD /* Pods_MetaU_Capstone_ProjectTests.framework in Frameworks */ = {isa = PBXBuildFile; fileRef = 7CAA14767BB964237DA827F7 /* Pods_MetaU_Capstone_ProjectTests.framework */; };
		8692FF44E8C37B3666035902 /* Pods_MetaU_Capstone_Project.framework in Frameworks */ = {isa = PBXBuildFile; fileRef = F33591E57CBB7ACFCBF1D74E /* Pods_MetaU_Capstone_Project.framework */; };
		C2B243342874A2A2003EAE4C /* AppDelegate.m in Sources */ = {isa = PBXBuildFile; fileRef = C2B243332874A2A2003EAE4C /* AppDelegate.m */; };
		C2B243372874A2A2003EAE4C /* SceneDelegate.m in Sources */ = {isa = PBXBuildFile; fileRef = C2B243362874A2A2003EAE4C /* SceneDelegate.m */; };
		C2B2433A2874A2A2003EAE4C /* ViewController.m in Sources */ = {isa = PBXBuildFile; fileRef = C2B243392874A2A2003EAE4C /* ViewController.m */; };
		C2B2433D2874A2A2003EAE4C /* Main.storyboard in Resources */ = {isa = PBXBuildFile; fileRef = C2B2433B2874A2A2003EAE4C /* Main.storyboard */; };
		C2B2433F2874A2A3003EAE4C /* Assets.xcassets in Resources */ = {isa = PBXBuildFile; fileRef = C2B2433E2874A2A3003EAE4C /* Assets.xcassets */; };
		C2B243422874A2A3003EAE4C /* LaunchScreen.storyboard in Resources */ = {isa = PBXBuildFile; fileRef = C2B243402874A2A3003EAE4C /* LaunchScreen.storyboard */; };
		C2B243452874A2A3003EAE4C /* main.m in Sources */ = {isa = PBXBuildFile; fileRef = C2B243442874A2A3003EAE4C /* main.m */; };
		C2B2434F2874A2A3003EAE4C /* MetaU_Capstone_ProjectTests.m in Sources */ = {isa = PBXBuildFile; fileRef = C2B2434E2874A2A3003EAE4C /* MetaU_Capstone_ProjectTests.m */; };
		C2B243592874A2A3003EAE4C /* MetaU_Capstone_ProjectUITests.m in Sources */ = {isa = PBXBuildFile; fileRef = C2B243582874A2A3003EAE4C /* MetaU_Capstone_ProjectUITests.m */; };
		C2B2435B2874A2A3003EAE4C /* MetaU_Capstone_ProjectUITestsLaunchTests.m in Sources */ = {isa = PBXBuildFile; fileRef = C2B2435A2874A2A3003EAE4C /* MetaU_Capstone_ProjectUITestsLaunchTests.m */; };
		C2B243692874BA67003EAE4C /* LoginViewController.m in Sources */ = {isa = PBXBuildFile; fileRef = C2B243682874BA67003EAE4C /* LoginViewController.m */; };
		C2B2436D2874DB2A003EAE4C /* HomeViewController.m in Sources */ = {isa = PBXBuildFile; fileRef = C2B2436C2874DB2A003EAE4C /* HomeViewController.m */; };
		C2B243872878A65B003EAE4C /* CreateSessionViewController.m in Sources */ = {isa = PBXBuildFile; fileRef = C2B243862878A65A003EAE4C /* CreateSessionViewController.m */; };
		C2B2438A2878A9C2003EAE4C /* MusicSession.m in Sources */ = {isa = PBXBuildFile; fileRef = C2B243892878A9C2003EAE4C /* MusicSession.m */; };
		C2B2438D2878C358003EAE4C /* MusicSessionViewController.m in Sources */ = {isa = PBXBuildFile; fileRef = C2B2438C2878C358003EAE4C /* MusicSessionViewController.m */; };
		C2B24390287FB821003EAE4C /* MusicSessionHandler.m in Sources */ = {isa = PBXBuildFile; fileRef = C2B2438F287FB821003EAE4C /* MusicSessionHandler.m */; };
		C2B24392287FE847003EAE4C /* SpotifyiOS.framework in Frameworks */ = {isa = PBXBuildFile; fileRef = C2B24391287FE847003EAE4C /* SpotifyiOS.framework */; };
/* End PBXBuildFile section */

/* Begin PBXContainerItemProxy section */
		C2B2434B2874A2A3003EAE4C /* PBXContainerItemProxy */ = {
			isa = PBXContainerItemProxy;
			containerPortal = C2B243272874A2A2003EAE4C /* Project object */;
			proxyType = 1;
			remoteGlobalIDString = C2B2432E2874A2A2003EAE4C;
			remoteInfo = "MetaU Capstone Project";
		};
		C2B243552874A2A3003EAE4C /* PBXContainerItemProxy */ = {
			isa = PBXContainerItemProxy;
			containerPortal = C2B243272874A2A2003EAE4C /* Project object */;
			proxyType = 1;
			remoteGlobalIDString = C2B2432E2874A2A2003EAE4C;
			remoteInfo = "MetaU Capstone Project";
		};
/* End PBXContainerItemProxy section */

/* Begin PBXFileReference section */
		0813F2B286D26DBE8714ADE7 /* Pods-MetaU Capstone Project.debug.xcconfig */ = {isa = PBXFileReference; includeInIndex = 1; lastKnownFileType = text.xcconfig; name = "Pods-MetaU Capstone Project.debug.xcconfig"; path = "Target Support Files/Pods-MetaU Capstone Project/Pods-MetaU Capstone Project.debug.xcconfig"; sourceTree = "<group>"; };
		3FBFDC816FFBB55B1618BE7A /* Pods-MetaU Capstone ProjectTests.debug.xcconfig */ = {isa = PBXFileReference; includeInIndex = 1; lastKnownFileType = text.xcconfig; name = "Pods-MetaU Capstone ProjectTests.debug.xcconfig"; path = "Target Support Files/Pods-MetaU Capstone ProjectTests/Pods-MetaU Capstone ProjectTests.debug.xcconfig"; sourceTree = "<group>"; };
		440EE6FD1487B457700B00FF /* Pods-MetaU Capstone Project-MetaU Capstone ProjectUITests.release.xcconfig */ = {isa = PBXFileReference; includeInIndex = 1; lastKnownFileType = text.xcconfig; name = "Pods-MetaU Capstone Project-MetaU Capstone ProjectUITests.release.xcconfig"; path = "Target Support Files/Pods-MetaU Capstone Project-MetaU Capstone ProjectUITests/Pods-MetaU Capstone Project-MetaU Capstone ProjectUITests.release.xcconfig"; sourceTree = "<group>"; };
		7CAA14767BB964237DA827F7 /* Pods_MetaU_Capstone_ProjectTests.framework */ = {isa = PBXFileReference; explicitFileType = wrapper.framework; includeInIndex = 0; path = Pods_MetaU_Capstone_ProjectTests.framework; sourceTree = BUILT_PRODUCTS_DIR; };
		867BB3952FCAD4C9824A8344 /* Pods_MetaU_Capstone_Project_MetaU_Capstone_ProjectUITests.framework */ = {isa = PBXFileReference; explicitFileType = wrapper.framework; includeInIndex = 0; path = Pods_MetaU_Capstone_Project_MetaU_Capstone_ProjectUITests.framework; sourceTree = BUILT_PRODUCTS_DIR; };
		A5879184FBCA8401A82035FC /* Pods-MetaU Capstone ProjectTests.release.xcconfig */ = {isa = PBXFileReference; includeInIndex = 1; lastKnownFileType = text.xcconfig; name = "Pods-MetaU Capstone ProjectTests.release.xcconfig"; path = "Target Support Files/Pods-MetaU Capstone ProjectTests/Pods-MetaU Capstone ProjectTests.release.xcconfig"; sourceTree = "<group>"; };
		BD2D9ABA887ED8AC6F171E70 /* Pods-MetaU Capstone Project-MetaU Capstone ProjectUITests.debug.xcconfig */ = {isa = PBXFileReference; includeInIndex = 1; lastKnownFileType = text.xcconfig; name = "Pods-MetaU Capstone Project-MetaU Capstone ProjectUITests.debug.xcconfig"; path = "Target Support Files/Pods-MetaU Capstone Project-MetaU Capstone ProjectUITests/Pods-MetaU Capstone Project-MetaU Capstone ProjectUITests.debug.xcconfig"; sourceTree = "<group>"; };
		C2B2432F2874A2A2003EAE4C /* MetaU Capstone Project.app */ = {isa = PBXFileReference; explicitFileType = wrapper.application; includeInIndex = 0; path = "MetaU Capstone Project.app"; sourceTree = BUILT_PRODUCTS_DIR; };
		C2B243322874A2A2003EAE4C /* AppDelegate.h */ = {isa = PBXFileReference; lastKnownFileType = sourcecode.c.h; path = AppDelegate.h; sourceTree = "<group>"; };
		C2B243332874A2A2003EAE4C /* AppDelegate.m */ = {isa = PBXFileReference; lastKnownFileType = sourcecode.c.objc; path = AppDelegate.m; sourceTree = "<group>"; };
		C2B243352874A2A2003EAE4C /* SceneDelegate.h */ = {isa = PBXFileReference; lastKnownFileType = sourcecode.c.h; path = SceneDelegate.h; sourceTree = "<group>"; };
		C2B243362874A2A2003EAE4C /* SceneDelegate.m */ = {isa = PBXFileReference; lastKnownFileType = sourcecode.c.objc; path = SceneDelegate.m; sourceTree = "<group>"; };
		C2B243382874A2A2003EAE4C /* ViewController.h */ = {isa = PBXFileReference; lastKnownFileType = sourcecode.c.h; path = ViewController.h; sourceTree = "<group>"; };
		C2B243392874A2A2003EAE4C /* ViewController.m */ = {isa = PBXFileReference; lastKnownFileType = sourcecode.c.objc; path = ViewController.m; sourceTree = "<group>"; };
		C2B2433C2874A2A2003EAE4C /* Base */ = {isa = PBXFileReference; lastKnownFileType = file.storyboard; name = Base; path = Base.lproj/Main.storyboard; sourceTree = "<group>"; };
		C2B2433E2874A2A3003EAE4C /* Assets.xcassets */ = {isa = PBXFileReference; lastKnownFileType = folder.assetcatalog; path = Assets.xcassets; sourceTree = "<group>"; };
		C2B243412874A2A3003EAE4C /* Base */ = {isa = PBXFileReference; lastKnownFileType = file.storyboard; name = Base; path = Base.lproj/LaunchScreen.storyboard; sourceTree = "<group>"; };
		C2B243432874A2A3003EAE4C /* Info.plist */ = {isa = PBXFileReference; lastKnownFileType = text.plist.xml; path = Info.plist; sourceTree = "<group>"; };
		C2B243442874A2A3003EAE4C /* main.m */ = {isa = PBXFileReference; lastKnownFileType = sourcecode.c.objc; path = main.m; sourceTree = "<group>"; };
		C2B2434A2874A2A3003EAE4C /* MetaU Capstone ProjectTests.xctest */ = {isa = PBXFileReference; explicitFileType = wrapper.cfbundle; includeInIndex = 0; path = "MetaU Capstone ProjectTests.xctest"; sourceTree = BUILT_PRODUCTS_DIR; };
		C2B2434E2874A2A3003EAE4C /* MetaU_Capstone_ProjectTests.m */ = {isa = PBXFileReference; lastKnownFileType = sourcecode.c.objc; path = MetaU_Capstone_ProjectTests.m; sourceTree = "<group>"; };
		C2B243542874A2A3003EAE4C /* MetaU Capstone ProjectUITests.xctest */ = {isa = PBXFileReference; explicitFileType = wrapper.cfbundle; includeInIndex = 0; path = "MetaU Capstone ProjectUITests.xctest"; sourceTree = BUILT_PRODUCTS_DIR; };
		C2B243582874A2A3003EAE4C /* MetaU_Capstone_ProjectUITests.m */ = {isa = PBXFileReference; lastKnownFileType = sourcecode.c.objc; path = MetaU_Capstone_ProjectUITests.m; sourceTree = "<group>"; };
		C2B2435A2874A2A3003EAE4C /* MetaU_Capstone_ProjectUITestsLaunchTests.m */ = {isa = PBXFileReference; lastKnownFileType = sourcecode.c.objc; path = MetaU_Capstone_ProjectUITestsLaunchTests.m; sourceTree = "<group>"; };
		C2B243672874BA67003EAE4C /* LoginViewController.h */ = {isa = PBXFileReference; lastKnownFileType = sourcecode.c.h; path = LoginViewController.h; sourceTree = "<group>"; };
		C2B243682874BA67003EAE4C /* LoginViewController.m */ = {isa = PBXFileReference; lastKnownFileType = sourcecode.c.objc; path = LoginViewController.m; sourceTree = "<group>"; };
		C2B2436B2874DB2A003EAE4C /* HomeViewController.h */ = {isa = PBXFileReference; lastKnownFileType = sourcecode.c.h; path = HomeViewController.h; sourceTree = "<group>"; };
		C2B2436C2874DB2A003EAE4C /* HomeViewController.m */ = {isa = PBXFileReference; lastKnownFileType = sourcecode.c.objc; path = HomeViewController.m; sourceTree = "<group>"; };
		C2B243852878A65A003EAE4C /* CreateSessionViewController.h */ = {isa = PBXFileReference; lastKnownFileType = sourcecode.c.h; path = CreateSessionViewController.h; sourceTree = "<group>"; };
		C2B243862878A65A003EAE4C /* CreateSessionViewController.m */ = {isa = PBXFileReference; lastKnownFileType = sourcecode.c.objc; path = CreateSessionViewController.m; sourceTree = "<group>"; };
		C2B243882878A9C2003EAE4C /* MusicSession.h */ = {isa = PBXFileReference; lastKnownFileType = sourcecode.c.h; path = MusicSession.h; sourceTree = "<group>"; };
		C2B243892878A9C2003EAE4C /* MusicSession.m */ = {isa = PBXFileReference; lastKnownFileType = sourcecode.c.objc; path = MusicSession.m; sourceTree = "<group>"; };
		C2B2438B2878C358003EAE4C /* MusicSessionViewController.h */ = {isa = PBXFileReference; lastKnownFileType = sourcecode.c.h; path = MusicSessionViewController.h; sourceTree = "<group>"; };
		C2B2438C2878C358003EAE4C /* MusicSessionViewController.m */ = {isa = PBXFileReference; lastKnownFileType = sourcecode.c.objc; path = MusicSessionViewController.m; sourceTree = "<group>"; };
		C2B2438E287FB821003EAE4C /* MusicSessionHandler.h */ = {isa = PBXFileReference; lastKnownFileType = sourcecode.c.h; path = MusicSessionHandler.h; sourceTree = "<group>"; };
		C2B2438F287FB821003EAE4C /* MusicSessionHandler.m */ = {isa = PBXFileReference; lastKnownFileType = sourcecode.c.objc; path = MusicSessionHandler.m; sourceTree = "<group>"; };
		C2B24391287FE847003EAE4C /* SpotifyiOS.framework */ = {isa = PBXFileReference; lastKnownFileType = wrapper.framework; path = SpotifyiOS.framework; sourceTree = "<group>"; };
		CDA0F372DBA36A4BB514EE78 /* Pods-MetaU Capstone Project.release.xcconfig */ = {isa = PBXFileReference; includeInIndex = 1; lastKnownFileType = text.xcconfig; name = "Pods-MetaU Capstone Project.release.xcconfig"; path = "Target Support Files/Pods-MetaU Capstone Project/Pods-MetaU Capstone Project.release.xcconfig"; sourceTree = "<group>"; };
		F33591E57CBB7ACFCBF1D74E /* Pods_MetaU_Capstone_Project.framework */ = {isa = PBXFileReference; explicitFileType = wrapper.framework; includeInIndex = 0; path = Pods_MetaU_Capstone_Project.framework; sourceTree = BUILT_PRODUCTS_DIR; };
/* End PBXFileReference section */

/* Begin PBXFrameworksBuildPhase section */
		C2B2432C2874A2A2003EAE4C /* Frameworks */ = {
			isa = PBXFrameworksBuildPhase;
			buildActionMask = 2147483647;
			files = (
				C2B24392287FE847003EAE4C /* SpotifyiOS.framework in Frameworks */,
				8692FF44E8C37B3666035902 /* Pods_MetaU_Capstone_Project.framework in Frameworks */,
			);
			runOnlyForDeploymentPostprocessing = 0;
		};
		C2B243472874A2A3003EAE4C /* Frameworks */ = {
			isa = PBXFrameworksBuildPhase;
			buildActionMask = 2147483647;
			files = (
				593BA95860C803E0906B98AD /* Pods_MetaU_Capstone_ProjectTests.framework in Frameworks */,
			);
			runOnlyForDeploymentPostprocessing = 0;
		};
		C2B243512874A2A3003EAE4C /* Frameworks */ = {
			isa = PBXFrameworksBuildPhase;
			buildActionMask = 2147483647;
			files = (
				0EF3B3BA2DBCC7D21CB85926 /* Pods_MetaU_Capstone_Project_MetaU_Capstone_ProjectUITests.framework in Frameworks */,
			);
			runOnlyForDeploymentPostprocessing = 0;
		};
/* End PBXFrameworksBuildPhase section */

/* Begin PBXGroup section */
		53CDFCB88E0F24F8CD870D21 /* Pods */ = {
			isa = PBXGroup;
			children = (
				0813F2B286D26DBE8714ADE7 /* Pods-MetaU Capstone Project.debug.xcconfig */,
				CDA0F372DBA36A4BB514EE78 /* Pods-MetaU Capstone Project.release.xcconfig */,
				BD2D9ABA887ED8AC6F171E70 /* Pods-MetaU Capstone Project-MetaU Capstone ProjectUITests.debug.xcconfig */,
				440EE6FD1487B457700B00FF /* Pods-MetaU Capstone Project-MetaU Capstone ProjectUITests.release.xcconfig */,
				3FBFDC816FFBB55B1618BE7A /* Pods-MetaU Capstone ProjectTests.debug.xcconfig */,
				A5879184FBCA8401A82035FC /* Pods-MetaU Capstone ProjectTests.release.xcconfig */,
			);
			path = Pods;
			sourceTree = "<group>";
		};
		5D540B8620FD7E04434D3257 /* Frameworks */ = {
			isa = PBXGroup;
			children = (
				C2B24391287FE847003EAE4C /* SpotifyiOS.framework */,
				F33591E57CBB7ACFCBF1D74E /* Pods_MetaU_Capstone_Project.framework */,
				867BB3952FCAD4C9824A8344 /* Pods_MetaU_Capstone_Project_MetaU_Capstone_ProjectUITests.framework */,
				7CAA14767BB964237DA827F7 /* Pods_MetaU_Capstone_ProjectTests.framework */,
			);
			name = Frameworks;
			sourceTree = "<group>";
		};
		C2B243262874A2A2003EAE4C = {
			isa = PBXGroup;
			children = (
				C2B243312874A2A2003EAE4C /* MetaU Capstone Project */,
				C2B2434D2874A2A3003EAE4C /* MetaU Capstone ProjectTests */,
				C2B243572874A2A3003EAE4C /* MetaU Capstone ProjectUITests */,
				C2B243302874A2A2003EAE4C /* Products */,
				53CDFCB88E0F24F8CD870D21 /* Pods */,
				5D540B8620FD7E04434D3257 /* Frameworks */,
			);
			sourceTree = "<group>";
		};
		C2B243302874A2A2003EAE4C /* Products */ = {
			isa = PBXGroup;
			children = (
				C2B2432F2874A2A2003EAE4C /* MetaU Capstone Project.app */,
				C2B2434A2874A2A3003EAE4C /* MetaU Capstone ProjectTests.xctest */,
				C2B243542874A2A3003EAE4C /* MetaU Capstone ProjectUITests.xctest */,
			);
			name = Products;
			sourceTree = "<group>";
		};
		C2B243312874A2A2003EAE4C /* MetaU Capstone Project */ = {
			isa = PBXGroup;
			children = (
				C2B2436A2874BA6E003EAE4C /* View Controllers */,
				C2B243322874A2A2003EAE4C /* AppDelegate.h */,
				C2B243332874A2A2003EAE4C /* AppDelegate.m */,
				C2B243352874A2A2003EAE4C /* SceneDelegate.h */,
				C2B243362874A2A2003EAE4C /* SceneDelegate.m */,
				C2B243382874A2A2003EAE4C /* ViewController.h */,
				C2B243392874A2A2003EAE4C /* ViewController.m */,
				C2B2433B2874A2A2003EAE4C /* Main.storyboard */,
				C2B2438E287FB821003EAE4C /* MusicSessionHandler.h */,
				C2B243882878A9C2003EAE4C /* MusicSession.h */,
				C2B243892878A9C2003EAE4C /* MusicSession.m */,
				C2B2438F287FB821003EAE4C /* MusicSessionHandler.m */,
				C2B2433E2874A2A3003EAE4C /* Assets.xcassets */,
				C2B243402874A2A3003EAE4C /* LaunchScreen.storyboard */,
				C2B243432874A2A3003EAE4C /* Info.plist */,
				C2B243442874A2A3003EAE4C /* main.m */,
			);
			path = "MetaU Capstone Project";
			sourceTree = "<group>";
		};
		C2B2434D2874A2A3003EAE4C /* MetaU Capstone ProjectTests */ = {
			isa = PBXGroup;
			children = (
				C2B2434E2874A2A3003EAE4C /* MetaU_Capstone_ProjectTests.m */,
			);
			path = "MetaU Capstone ProjectTests";
			sourceTree = "<group>";
		};
		C2B243572874A2A3003EAE4C /* MetaU Capstone ProjectUITests */ = {
			isa = PBXGroup;
			children = (
				C2B243582874A2A3003EAE4C /* MetaU_Capstone_ProjectUITests.m */,
				C2B2435A2874A2A3003EAE4C /* MetaU_Capstone_ProjectUITestsLaunchTests.m */,
			);
			path = "MetaU Capstone ProjectUITests";
			sourceTree = "<group>";
		};
		C2B2436A2874BA6E003EAE4C /* View Controllers */ = {
			isa = PBXGroup;
			children = (
				C2B243862878A65A003EAE4C /* CreateSessionViewController.m */,
				C2B243852878A65A003EAE4C /* CreateSessionViewController.h */,
				C2B2438C2878C358003EAE4C /* MusicSessionViewController.m */,
				C2B2438B2878C358003EAE4C /* MusicSessionViewController.h */,
				C2B2436C2874DB2A003EAE4C /* HomeViewController.m */,
				C2B2436B2874DB2A003EAE4C /* HomeViewController.h */,
				C2B243682874BA67003EAE4C /* LoginViewController.m */,
				C2B243672874BA67003EAE4C /* LoginViewController.h */,
			);
			path = "View Controllers";
			sourceTree = "<group>";
		};
/* End PBXGroup section */

/* Begin PBXNativeTarget section */
		C2B2432E2874A2A2003EAE4C /* MetaU Capstone Project */ = {
			isa = PBXNativeTarget;
			buildConfigurationList = C2B2435E2874A2A3003EAE4C /* Build configuration list for PBXNativeTarget "MetaU Capstone Project" */;
			buildPhases = (
				7DC0C4DBBC380D9222C278C4 /* [CP] Check Pods Manifest.lock */,
				C2B2432B2874A2A2003EAE4C /* Sources */,
				C2B2432C2874A2A2003EAE4C /* Frameworks */,
				C2B2432D2874A2A2003EAE4C /* Resources */,
				0DDF9FB78550ADCA8C25DC2A /* [CP] Embed Pods Frameworks */,
			);
			buildRules = (
			);
			dependencies = (
			);
			name = "MetaU Capstone Project";
			productName = "MetaU Capstone Project";
			productReference = C2B2432F2874A2A2003EAE4C /* MetaU Capstone Project.app */;
			productType = "com.apple.product-type.application";
		};
		C2B243492874A2A3003EAE4C /* MetaU Capstone ProjectTests */ = {
			isa = PBXNativeTarget;
			buildConfigurationList = C2B243612874A2A3003EAE4C /* Build configuration list for PBXNativeTarget "MetaU Capstone ProjectTests" */;
			buildPhases = (
				8828FC60E07CDCEB7063B345 /* [CP] Check Pods Manifest.lock */,
				C2B243462874A2A3003EAE4C /* Sources */,
				C2B243472874A2A3003EAE4C /* Frameworks */,
				C2B243482874A2A3003EAE4C /* Resources */,
			);
			buildRules = (
			);
			dependencies = (
				C2B2434C2874A2A3003EAE4C /* PBXTargetDependency */,
			);
			name = "MetaU Capstone ProjectTests";
			productName = "MetaU Capstone ProjectTests";
			productReference = C2B2434A2874A2A3003EAE4C /* MetaU Capstone ProjectTests.xctest */;
			productType = "com.apple.product-type.bundle.unit-test";
		};
		C2B243532874A2A3003EAE4C /* MetaU Capstone ProjectUITests */ = {
			isa = PBXNativeTarget;
			buildConfigurationList = C2B243642874A2A3003EAE4C /* Build configuration list for PBXNativeTarget "MetaU Capstone ProjectUITests" */;
			buildPhases = (
				F010C54AA4B3544DD624B795 /* [CP] Check Pods Manifest.lock */,
				C2B243502874A2A3003EAE4C /* Sources */,
				C2B243512874A2A3003EAE4C /* Frameworks */,
				C2B243522874A2A3003EAE4C /* Resources */,
				C74ADFCAA2FD8080758031FC /* [CP] Embed Pods Frameworks */,
			);
			buildRules = (
			);
			dependencies = (
				C2B243562874A2A3003EAE4C /* PBXTargetDependency */,
			);
			name = "MetaU Capstone ProjectUITests";
			productName = "MetaU Capstone ProjectUITests";
			productReference = C2B243542874A2A3003EAE4C /* MetaU Capstone ProjectUITests.xctest */;
			productType = "com.apple.product-type.bundle.ui-testing";
		};
/* End PBXNativeTarget section */

/* Begin PBXProject section */
		C2B243272874A2A2003EAE4C /* Project object */ = {
			isa = PBXProject;
			attributes = {
				BuildIndependentTargetsInParallel = 1;
				LastUpgradeCheck = 1340;
				TargetAttributes = {
					C2B2432E2874A2A2003EAE4C = {
						CreatedOnToolsVersion = 13.4.1;
					};
					C2B243492874A2A3003EAE4C = {
						CreatedOnToolsVersion = 13.4.1;
						TestTargetID = C2B2432E2874A2A2003EAE4C;
					};
					C2B243532874A2A3003EAE4C = {
						CreatedOnToolsVersion = 13.4.1;
						TestTargetID = C2B2432E2874A2A2003EAE4C;
					};
				};
			};
			buildConfigurationList = C2B2432A2874A2A2003EAE4C /* Build configuration list for PBXProject "MetaU Capstone Project" */;
			compatibilityVersion = "Xcode 13.0";
			developmentRegion = en;
			hasScannedForEncodings = 0;
			knownRegions = (
				en,
				Base,
			);
			mainGroup = C2B243262874A2A2003EAE4C;
			productRefGroup = C2B243302874A2A2003EAE4C /* Products */;
			projectDirPath = "";
			projectRoot = "";
			targets = (
				C2B2432E2874A2A2003EAE4C /* MetaU Capstone Project */,
				C2B243492874A2A3003EAE4C /* MetaU Capstone ProjectTests */,
				C2B243532874A2A3003EAE4C /* MetaU Capstone ProjectUITests */,
			);
		};
/* End PBXProject section */

/* Begin PBXResourcesBuildPhase section */
		C2B2432D2874A2A2003EAE4C /* Resources */ = {
			isa = PBXResourcesBuildPhase;
			buildActionMask = 2147483647;
			files = (
				C2B243422874A2A3003EAE4C /* LaunchScreen.storyboard in Resources */,
				C2B2433F2874A2A3003EAE4C /* Assets.xcassets in Resources */,
				C2B2433D2874A2A2003EAE4C /* Main.storyboard in Resources */,
			);
			runOnlyForDeploymentPostprocessing = 0;
		};
		C2B243482874A2A3003EAE4C /* Resources */ = {
			isa = PBXResourcesBuildPhase;
			buildActionMask = 2147483647;
			files = (
			);
			runOnlyForDeploymentPostprocessing = 0;
		};
		C2B243522874A2A3003EAE4C /* Resources */ = {
			isa = PBXResourcesBuildPhase;
			buildActionMask = 2147483647;
			files = (
			);
			runOnlyForDeploymentPostprocessing = 0;
		};
/* End PBXResourcesBuildPhase section */

/* Begin PBXShellScriptBuildPhase section */
		0DDF9FB78550ADCA8C25DC2A /* [CP] Embed Pods Frameworks */ = {
			isa = PBXShellScriptBuildPhase;
			buildActionMask = 2147483647;
			files = (
			);
			inputFileListPaths = (
				"${PODS_ROOT}/Target Support Files/Pods-MetaU Capstone Project/Pods-MetaU Capstone Project-frameworks-${CONFIGURATION}-input-files.xcfilelist",
			);
			name = "[CP] Embed Pods Frameworks";
			outputFileListPaths = (
				"${PODS_ROOT}/Target Support Files/Pods-MetaU Capstone Project/Pods-MetaU Capstone Project-frameworks-${CONFIGURATION}-output-files.xcfilelist",
			);
			runOnlyForDeploymentPostprocessing = 0;
			shellPath = /bin/sh;
			shellScript = "\"${PODS_ROOT}/Target Support Files/Pods-MetaU Capstone Project/Pods-MetaU Capstone Project-frameworks.sh\"\n";
			showEnvVarsInLog = 0;
		};
		7DC0C4DBBC380D9222C278C4 /* [CP] Check Pods Manifest.lock */ = {
			isa = PBXShellScriptBuildPhase;
			buildActionMask = 2147483647;
			files = (
			);
			inputFileListPaths = (
			);
			inputPaths = (
				"${PODS_PODFILE_DIR_PATH}/Podfile.lock",
				"${PODS_ROOT}/Manifest.lock",
			);
			name = "[CP] Check Pods Manifest.lock";
			outputFileListPaths = (
			);
			outputPaths = (
				"$(DERIVED_FILE_DIR)/Pods-MetaU Capstone Project-checkManifestLockResult.txt",
			);
			runOnlyForDeploymentPostprocessing = 0;
			shellPath = /bin/sh;
			shellScript = "diff \"${PODS_PODFILE_DIR_PATH}/Podfile.lock\" \"${PODS_ROOT}/Manifest.lock\" > /dev/null\nif [ $? != 0 ] ; then\n    # print error to STDERR\n    echo \"error: The sandbox is not in sync with the Podfile.lock. Run 'pod install' or update your CocoaPods installation.\" >&2\n    exit 1\nfi\n# This output is used by Xcode 'outputs' to avoid re-running this script phase.\necho \"SUCCESS\" > \"${SCRIPT_OUTPUT_FILE_0}\"\n";
			showEnvVarsInLog = 0;
		};
		8828FC60E07CDCEB7063B345 /* [CP] Check Pods Manifest.lock */ = {
			isa = PBXShellScriptBuildPhase;
			buildActionMask = 2147483647;
			files = (
			);
			inputFileListPaths = (
			);
			inputPaths = (
				"${PODS_PODFILE_DIR_PATH}/Podfile.lock",
				"${PODS_ROOT}/Manifest.lock",
			);
			name = "[CP] Check Pods Manifest.lock";
			outputFileListPaths = (
			);
			outputPaths = (
				"$(DERIVED_FILE_DIR)/Pods-MetaU Capstone ProjectTests-checkManifestLockResult.txt",
			);
			runOnlyForDeploymentPostprocessing = 0;
			shellPath = /bin/sh;
			shellScript = "diff \"${PODS_PODFILE_DIR_PATH}/Podfile.lock\" \"${PODS_ROOT}/Manifest.lock\" > /dev/null\nif [ $? != 0 ] ; then\n    # print error to STDERR\n    echo \"error: The sandbox is not in sync with the Podfile.lock. Run 'pod install' or update your CocoaPods installation.\" >&2\n    exit 1\nfi\n# This output is used by Xcode 'outputs' to avoid re-running this script phase.\necho \"SUCCESS\" > \"${SCRIPT_OUTPUT_FILE_0}\"\n";
			showEnvVarsInLog = 0;
		};
		C74ADFCAA2FD8080758031FC /* [CP] Embed Pods Frameworks */ = {
			isa = PBXShellScriptBuildPhase;
			buildActionMask = 2147483647;
			files = (
			);
			inputFileListPaths = (
				"${PODS_ROOT}/Target Support Files/Pods-MetaU Capstone Project-MetaU Capstone ProjectUITests/Pods-MetaU Capstone Project-MetaU Capstone ProjectUITests-frameworks-${CONFIGURATION}-input-files.xcfilelist",
			);
			name = "[CP] Embed Pods Frameworks";
			outputFileListPaths = (
				"${PODS_ROOT}/Target Support Files/Pods-MetaU Capstone Project-MetaU Capstone ProjectUITests/Pods-MetaU Capstone Project-MetaU Capstone ProjectUITests-frameworks-${CONFIGURATION}-output-files.xcfilelist",
			);
			runOnlyForDeploymentPostprocessing = 0;
			shellPath = /bin/sh;
			shellScript = "\"${PODS_ROOT}/Target Support Files/Pods-MetaU Capstone Project-MetaU Capstone ProjectUITests/Pods-MetaU Capstone Project-MetaU Capstone ProjectUITests-frameworks.sh\"\n";
			showEnvVarsInLog = 0;
		};
		F010C54AA4B3544DD624B795 /* [CP] Check Pods Manifest.lock */ = {
			isa = PBXShellScriptBuildPhase;
			buildActionMask = 2147483647;
			files = (
			);
			inputFileListPaths = (
			);
			inputPaths = (
				"${PODS_PODFILE_DIR_PATH}/Podfile.lock",
				"${PODS_ROOT}/Manifest.lock",
			);
			name = "[CP] Check Pods Manifest.lock";
			outputFileListPaths = (
			);
			outputPaths = (
				"$(DERIVED_FILE_DIR)/Pods-MetaU Capstone Project-MetaU Capstone ProjectUITests-checkManifestLockResult.txt",
			);
			runOnlyForDeploymentPostprocessing = 0;
			shellPath = /bin/sh;
			shellScript = "diff \"${PODS_PODFILE_DIR_PATH}/Podfile.lock\" \"${PODS_ROOT}/Manifest.lock\" > /dev/null\nif [ $? != 0 ] ; then\n    # print error to STDERR\n    echo \"error: The sandbox is not in sync with the Podfile.lock. Run 'pod install' or update your CocoaPods installation.\" >&2\n    exit 1\nfi\n# This output is used by Xcode 'outputs' to avoid re-running this script phase.\necho \"SUCCESS\" > \"${SCRIPT_OUTPUT_FILE_0}\"\n";
			showEnvVarsInLog = 0;
		};
/* End PBXShellScriptBuildPhase section */

/* Begin PBXSourcesBuildPhase section */
		C2B2432B2874A2A2003EAE4C /* Sources */ = {
			isa = PBXSourcesBuildPhase;
			buildActionMask = 2147483647;
			files = (
				C2B2438A2878A9C2003EAE4C /* MusicSession.m in Sources */,
				C2B24390287FB821003EAE4C /* MusicSessionHandler.m in Sources */,
				C2B2433A2874A2A2003EAE4C /* ViewController.m in Sources */,
				C2B243342874A2A2003EAE4C /* AppDelegate.m in Sources */,
				C2B243872878A65B003EAE4C /* CreateSessionViewController.m in Sources */,
				C2B243452874A2A3003EAE4C /* main.m in Sources */,
				C2B2438D2878C358003EAE4C /* MusicSessionViewController.m in Sources */,
				C2B243372874A2A2003EAE4C /* SceneDelegate.m in Sources */,
				C2B243692874BA67003EAE4C /* LoginViewController.m in Sources */,
				C2B2436D2874DB2A003EAE4C /* HomeViewController.m in Sources */,
			);
			runOnlyForDeploymentPostprocessing = 0;
		};
		C2B243462874A2A3003EAE4C /* Sources */ = {
			isa = PBXSourcesBuildPhase;
			buildActionMask = 2147483647;
			files = (
				C2B2434F2874A2A3003EAE4C /* MetaU_Capstone_ProjectTests.m in Sources */,
			);
			runOnlyForDeploymentPostprocessing = 0;
		};
		C2B243502874A2A3003EAE4C /* Sources */ = {
			isa = PBXSourcesBuildPhase;
			buildActionMask = 2147483647;
			files = (
				C2B2435B2874A2A3003EAE4C /* MetaU_Capstone_ProjectUITestsLaunchTests.m in Sources */,
				C2B243592874A2A3003EAE4C /* MetaU_Capstone_ProjectUITests.m in Sources */,
			);
			runOnlyForDeploymentPostprocessing = 0;
		};
/* End PBXSourcesBuildPhase section */

/* Begin PBXTargetDependency section */
		C2B2434C2874A2A3003EAE4C /* PBXTargetDependency */ = {
			isa = PBXTargetDependency;
			target = C2B2432E2874A2A2003EAE4C /* MetaU Capstone Project */;
			targetProxy = C2B2434B2874A2A3003EAE4C /* PBXContainerItemProxy */;
		};
		C2B243562874A2A3003EAE4C /* PBXTargetDependency */ = {
			isa = PBXTargetDependency;
			target = C2B2432E2874A2A2003EAE4C /* MetaU Capstone Project */;
			targetProxy = C2B243552874A2A3003EAE4C /* PBXContainerItemProxy */;
		};
/* End PBXTargetDependency section */

/* Begin PBXVariantGroup section */
		C2B2433B2874A2A2003EAE4C /* Main.storyboard */ = {
			isa = PBXVariantGroup;
			children = (
				C2B2433C2874A2A2003EAE4C /* Base */,
			);
			name = Main.storyboard;
			sourceTree = "<group>";
		};
		C2B243402874A2A3003EAE4C /* LaunchScreen.storyboard */ = {
			isa = PBXVariantGroup;
			children = (
				C2B243412874A2A3003EAE4C /* Base */,
			);
			name = LaunchScreen.storyboard;
			sourceTree = "<group>";
		};
/* End PBXVariantGroup section */

/* Begin XCBuildConfiguration section */
		C2B2435C2874A2A3003EAE4C /* Debug */ = {
			isa = XCBuildConfiguration;
			buildSettings = {
				ALWAYS_SEARCH_USER_PATHS = NO;
				CLANG_ANALYZER_NONNULL = YES;
				CLANG_ANALYZER_NUMBER_OBJECT_CONVERSION = YES_AGGRESSIVE;
				CLANG_CXX_LANGUAGE_STANDARD = "gnu++17";
				CLANG_ENABLE_MODULES = YES;
				CLANG_ENABLE_OBJC_ARC = YES;
				CLANG_ENABLE_OBJC_WEAK = YES;
				CLANG_WARN_BLOCK_CAPTURE_AUTORELEASING = YES;
				CLANG_WARN_BOOL_CONVERSION = YES;
				CLANG_WARN_COMMA = YES;
				CLANG_WARN_CONSTANT_CONVERSION = YES;
				CLANG_WARN_DEPRECATED_OBJC_IMPLEMENTATIONS = YES;
				CLANG_WARN_DIRECT_OBJC_ISA_USAGE = YES_ERROR;
				CLANG_WARN_DOCUMENTATION_COMMENTS = YES;
				CLANG_WARN_EMPTY_BODY = YES;
				CLANG_WARN_ENUM_CONVERSION = YES;
				CLANG_WARN_INFINITE_RECURSION = YES;
				CLANG_WARN_INT_CONVERSION = YES;
				CLANG_WARN_NON_LITERAL_NULL_CONVERSION = YES;
				CLANG_WARN_OBJC_IMPLICIT_RETAIN_SELF = YES;
				CLANG_WARN_OBJC_LITERAL_CONVERSION = YES;
				CLANG_WARN_OBJC_ROOT_CLASS = YES_ERROR;
				CLANG_WARN_QUOTED_INCLUDE_IN_FRAMEWORK_HEADER = YES;
				CLANG_WARN_RANGE_LOOP_ANALYSIS = YES;
				CLANG_WARN_STRICT_PROTOTYPES = YES;
				CLANG_WARN_SUSPICIOUS_MOVE = YES;
				CLANG_WARN_UNGUARDED_AVAILABILITY = YES_AGGRESSIVE;
				CLANG_WARN_UNREACHABLE_CODE = YES;
				CLANG_WARN__DUPLICATE_METHOD_MATCH = YES;
				COPY_PHASE_STRIP = NO;
				DEBUG_INFORMATION_FORMAT = dwarf;
				ENABLE_STRICT_OBJC_MSGSEND = YES;
				ENABLE_TESTABILITY = YES;
				GCC_C_LANGUAGE_STANDARD = gnu11;
				GCC_DYNAMIC_NO_PIC = NO;
				GCC_NO_COMMON_BLOCKS = YES;
				GCC_OPTIMIZATION_LEVEL = 0;
				GCC_PREPROCESSOR_DEFINITIONS = (
					"DEBUG=1",
					"$(inherited)",
				);
				GCC_WARN_64_TO_32_BIT_CONVERSION = YES;
				GCC_WARN_ABOUT_RETURN_TYPE = YES_ERROR;
				GCC_WARN_UNDECLARED_SELECTOR = YES;
				GCC_WARN_UNINITIALIZED_AUTOS = YES_AGGRESSIVE;
				GCC_WARN_UNUSED_FUNCTION = YES;
				GCC_WARN_UNUSED_VARIABLE = YES;
				IPHONEOS_DEPLOYMENT_TARGET = 15.5;
				MTL_ENABLE_DEBUG_INFO = INCLUDE_SOURCE;
				MTL_FAST_MATH = YES;
				ONLY_ACTIVE_ARCH = YES;
				SDKROOT = iphoneos;
			};
			name = Debug;
		};
		C2B2435D2874A2A3003EAE4C /* Release */ = {
			isa = XCBuildConfiguration;
			buildSettings = {
				ALWAYS_SEARCH_USER_PATHS = NO;
				CLANG_ANALYZER_NONNULL = YES;
				CLANG_ANALYZER_NUMBER_OBJECT_CONVERSION = YES_AGGRESSIVE;
				CLANG_CXX_LANGUAGE_STANDARD = "gnu++17";
				CLANG_ENABLE_MODULES = YES;
				CLANG_ENABLE_OBJC_ARC = YES;
				CLANG_ENABLE_OBJC_WEAK = YES;
				CLANG_WARN_BLOCK_CAPTURE_AUTORELEASING = YES;
				CLANG_WARN_BOOL_CONVERSION = YES;
				CLANG_WARN_COMMA = YES;
				CLANG_WARN_CONSTANT_CONVERSION = YES;
				CLANG_WARN_DEPRECATED_OBJC_IMPLEMENTATIONS = YES;
				CLANG_WARN_DIRECT_OBJC_ISA_USAGE = YES_ERROR;
				CLANG_WARN_DOCUMENTATION_COMMENTS = YES;
				CLANG_WARN_EMPTY_BODY = YES;
				CLANG_WARN_ENUM_CONVERSION = YES;
				CLANG_WARN_INFINITE_RECURSION = YES;
				CLANG_WARN_INT_CONVERSION = YES;
				CLANG_WARN_NON_LITERAL_NULL_CONVERSION = YES;
				CLANG_WARN_OBJC_IMPLICIT_RETAIN_SELF = YES;
				CLANG_WARN_OBJC_LITERAL_CONVERSION = YES;
				CLANG_WARN_OBJC_ROOT_CLASS = YES_ERROR;
				CLANG_WARN_QUOTED_INCLUDE_IN_FRAMEWORK_HEADER = YES;
				CLANG_WARN_RANGE_LOOP_ANALYSIS = YES;
				CLANG_WARN_STRICT_PROTOTYPES = YES;
				CLANG_WARN_SUSPICIOUS_MOVE = YES;
				CLANG_WARN_UNGUARDED_AVAILABILITY = YES_AGGRESSIVE;
				CLANG_WARN_UNREACHABLE_CODE = YES;
				CLANG_WARN__DUPLICATE_METHOD_MATCH = YES;
				COPY_PHASE_STRIP = NO;
				DEBUG_INFORMATION_FORMAT = "dwarf-with-dsym";
				ENABLE_NS_ASSERTIONS = NO;
				ENABLE_STRICT_OBJC_MSGSEND = YES;
				GCC_C_LANGUAGE_STANDARD = gnu11;
				GCC_NO_COMMON_BLOCKS = YES;
				GCC_WARN_64_TO_32_BIT_CONVERSION = YES;
				GCC_WARN_ABOUT_RETURN_TYPE = YES_ERROR;
				GCC_WARN_UNDECLARED_SELECTOR = YES;
				GCC_WARN_UNINITIALIZED_AUTOS = YES_AGGRESSIVE;
				GCC_WARN_UNUSED_FUNCTION = YES;
				GCC_WARN_UNUSED_VARIABLE = YES;
				IPHONEOS_DEPLOYMENT_TARGET = 15.5;
				MTL_ENABLE_DEBUG_INFO = NO;
				MTL_FAST_MATH = YES;
				SDKROOT = iphoneos;
				VALIDATE_PRODUCT = YES;
			};
			name = Release;
		};
		C2B2435F2874A2A3003EAE4C /* Debug */ = {
			isa = XCBuildConfiguration;
			baseConfigurationReference = 0813F2B286D26DBE8714ADE7 /* Pods-MetaU Capstone Project.debug.xcconfig */;
			buildSettings = {
				ASSETCATALOG_COMPILER_APPICON_NAME = AppIcon;
				ASSETCATALOG_COMPILER_GLOBAL_ACCENT_COLOR_NAME = AccentColor;
				CODE_SIGN_STYLE = Automatic;
				CURRENT_PROJECT_VERSION = 1;
				DEVELOPMENT_TEAM = Y442UHJ5VP;
				EXCLUDED_ARCHS = "";
				FRAMEWORK_SEARCH_PATHS = (
					"$(inherited)",
					"$(PROJECT_DIR)",
				);
				GENERATE_INFOPLIST_FILE = YES;
				INFOPLIST_FILE = "MetaU Capstone Project/Info.plist";
				INFOPLIST_KEY_UIApplicationSupportsIndirectInputEvents = YES;
				INFOPLIST_KEY_UILaunchStoryboardName = LaunchScreen;
				INFOPLIST_KEY_UIMainStoryboardFile = Main;
				INFOPLIST_KEY_UISupportedInterfaceOrientations_iPad = "UIInterfaceOrientationPortrait UIInterfaceOrientationPortraitUpsideDown UIInterfaceOrientationLandscapeLeft UIInterfaceOrientationLandscapeRight";
				INFOPLIST_KEY_UISupportedInterfaceOrientations_iPhone = "UIInterfaceOrientationPortrait UIInterfaceOrientationLandscapeLeft UIInterfaceOrientationLandscapeRight";
				LD_RUNPATH_SEARCH_PATHS = (
					"$(inherited)",
					"@executable_path/Frameworks",
				);
				MARKETING_VERSION = 1.0;
				OTHER_LDFLAGS = (
					"$(inherited)",
					"-l\"sqlite3\"",
					"-l\"z\"",
					"-framework",
					"\"AFNetworking\"",
					"-framework",
					"\"AudioToolbox\"",
					"-framework",
					"\"Bolts\"",
					"-framework",
					"\"BoltsSwift\"",
					"-framework",
					"\"CFNetwork\"",
					"-framework",
					"\"CoreGraphics\"",
					"-framework",
					"\"CoreLocation\"",
					"-framework",
					"\"CoreTelephony\"",
					"-framework",
					"\"Parse\"",
					"-framework",
					"\"ParseLiveQuery\"",
					"-framework",
					"\"QuartzCore\"",
					"-framework",
					"\"Reachability\"",
					"-framework",
					"\"Security\"",
					"-framework",
					"\"Starscream\"",
					"-framework",
					"\"StoreKit\"",
					"-framework",
					"\"SystemConfiguration\"",
					"-weak_framework",
					"\"Accounts\"",
					"-weak_framework",
					"\"Social\"",
				);
				PRODUCT_BUNDLE_IDENTIFIER = "com.codepath.MetaU-Capstone-Project";
				PRODUCT_NAME = "$(TARGET_NAME)";
				SWIFT_EMIT_LOC_STRINGS = YES;
				TARGETED_DEVICE_FAMILY = "1,2";
				"USER_HEADER_SEARCH_PATHS[arch=*]" = (
					"${PODS_ROOT}/**",
					"$(SRCROOT)/**",
				);
			};
			name = Debug;
		};
		C2B243602874A2A3003EAE4C /* Release */ = {
			isa = XCBuildConfiguration;
			baseConfigurationReference = CDA0F372DBA36A4BB514EE78 /* Pods-MetaU Capstone Project.release.xcconfig */;
			buildSettings = {
				ASSETCATALOG_COMPILER_APPICON_NAME = AppIcon;
				ASSETCATALOG_COMPILER_GLOBAL_ACCENT_COLOR_NAME = AccentColor;
				CODE_SIGN_STYLE = Automatic;
				CURRENT_PROJECT_VERSION = 1;
				DEVELOPMENT_TEAM = Y442UHJ5VP;
				EXCLUDED_ARCHS = "";
				FRAMEWORK_SEARCH_PATHS = (
					"$(inherited)",
					"$(PROJECT_DIR)",
				);
				GENERATE_INFOPLIST_FILE = YES;
				INFOPLIST_FILE = "MetaU Capstone Project/Info.plist";
				INFOPLIST_KEY_UIApplicationSupportsIndirectInputEvents = YES;
				INFOPLIST_KEY_UILaunchStoryboardName = LaunchScreen;
				INFOPLIST_KEY_UIMainStoryboardFile = Main;
				INFOPLIST_KEY_UISupportedInterfaceOrientations_iPad = "UIInterfaceOrientationPortrait UIInterfaceOrientationPortraitUpsideDown UIInterfaceOrientationLandscapeLeft UIInterfaceOrientationLandscapeRight";
				INFOPLIST_KEY_UISupportedInterfaceOrientations_iPhone = "UIInterfaceOrientationPortrait UIInterfaceOrientationLandscapeLeft UIInterfaceOrientationLandscapeRight";
				LD_RUNPATH_SEARCH_PATHS = (
					"$(inherited)",
					"@executable_path/Frameworks",
				);
				MARKETING_VERSION = 1.0;
				OTHER_LDFLAGS = (
					"$(inherited)",
					"-l\"sqlite3\"",
					"-l\"z\"",
					"-framework",
					"\"AFNetworking\"",
					"-framework",
					"\"AudioToolbox\"",
					"-framework",
					"\"Bolts\"",
					"-framework",
					"\"BoltsSwift\"",
					"-framework",
					"\"CFNetwork\"",
					"-framework",
					"\"CoreGraphics\"",
					"-framework",
					"\"CoreLocation\"",
					"-framework",
					"\"CoreTelephony\"",
					"-framework",
					"\"Parse\"",
					"-framework",
					"\"ParseLiveQuery\"",
					"-framework",
					"\"QuartzCore\"",
					"-framework",
					"\"Reachability\"",
					"-framework",
					"\"Security\"",
					"-framework",
					"\"Starscream\"",
					"-framework",
					"\"StoreKit\"",
					"-framework",
					"\"SystemConfiguration\"",
					"-weak_framework",
					"\"Accounts\"",
					"-weak_framework",
					"\"Social\"",
				);
				PRODUCT_BUNDLE_IDENTIFIER = "com.codepath.MetaU-Capstone-Project";
				PRODUCT_NAME = "$(TARGET_NAME)";
				SWIFT_EMIT_LOC_STRINGS = YES;
				TARGETED_DEVICE_FAMILY = "1,2";
				"USER_HEADER_SEARCH_PATHS[arch=*]" = (
					"$(SRCROOT)/**",
					"${PODS_ROOT}/**",
				);
			};
			name = Release;
		};
		C2B243622874A2A3003EAE4C /* Debug */ = {
			isa = XCBuildConfiguration;
			baseConfigurationReference = 3FBFDC816FFBB55B1618BE7A /* Pods-MetaU Capstone ProjectTests.debug.xcconfig */;
			buildSettings = {
				BUNDLE_LOADER = "$(TEST_HOST)";
				CODE_SIGN_STYLE = Automatic;
				CURRENT_PROJECT_VERSION = 1;
				DEVELOPMENT_TEAM = Y442UHJ5VP;
				GENERATE_INFOPLIST_FILE = YES;
				IPHONEOS_DEPLOYMENT_TARGET = 15.5;
				MARKETING_VERSION = 1.0;
				PRODUCT_BUNDLE_IDENTIFIER = "com.codepath.MetaU-Capstone-ProjectTests";
				PRODUCT_NAME = "$(TARGET_NAME)";
				SWIFT_EMIT_LOC_STRINGS = NO;
				TARGETED_DEVICE_FAMILY = "1,2";
				TEST_HOST = "$(BUILT_PRODUCTS_DIR)/MetaU Capstone Project.app/MetaU Capstone Project";
			};
			name = Debug;
		};
		C2B243632874A2A3003EAE4C /* Release */ = {
			isa = XCBuildConfiguration;
			baseConfigurationReference = A5879184FBCA8401A82035FC /* Pods-MetaU Capstone ProjectTests.release.xcconfig */;
			buildSettings = {
				BUNDLE_LOADER = "$(TEST_HOST)";
				CODE_SIGN_STYLE = Automatic;
				CURRENT_PROJECT_VERSION = 1;
				DEVELOPMENT_TEAM = Y442UHJ5VP;
				GENERATE_INFOPLIST_FILE = YES;
				IPHONEOS_DEPLOYMENT_TARGET = 15.5;
				MARKETING_VERSION = 1.0;
				PRODUCT_BUNDLE_IDENTIFIER = "com.codepath.MetaU-Capstone-ProjectTests";
				PRODUCT_NAME = "$(TARGET_NAME)";
				SWIFT_EMIT_LOC_STRINGS = NO;
				TARGETED_DEVICE_FAMILY = "1,2";
				TEST_HOST = "$(BUILT_PRODUCTS_DIR)/MetaU Capstone Project.app/MetaU Capstone Project";
			};
			name = Release;
		};
		C2B243652874A2A3003EAE4C /* Debug */ = {
			isa = XCBuildConfiguration;
			baseConfigurationReference = BD2D9ABA887ED8AC6F171E70 /* Pods-MetaU Capstone Project-MetaU Capstone ProjectUITests.debug.xcconfig */;
			buildSettings = {
				CODE_SIGN_STYLE = Automatic;
				CURRENT_PROJECT_VERSION = 1;
				DEVELOPMENT_TEAM = Y442UHJ5VP;
				GENERATE_INFOPLIST_FILE = YES;
				MARKETING_VERSION = 1.0;
				PRODUCT_BUNDLE_IDENTIFIER = "com.codepath.MetaU-Capstone-ProjectUITests";
				PRODUCT_NAME = "$(TARGET_NAME)";
				SWIFT_EMIT_LOC_STRINGS = NO;
				TARGETED_DEVICE_FAMILY = "1,2";
				TEST_TARGET_NAME = "MetaU Capstone Project";
			};
			name = Debug;
		};
		C2B243662874A2A3003EAE4C /* Release */ = {
			isa = XCBuildConfiguration;
			baseConfigurationReference = 440EE6FD1487B457700B00FF /* Pods-MetaU Capstone Project-MetaU Capstone ProjectUITests.release.xcconfig */;
			buildSettings = {
				CODE_SIGN_STYLE = Automatic;
				CURRENT_PROJECT_VERSION = 1;
				DEVELOPMENT_TEAM = Y442UHJ5VP;
				GENERATE_INFOPLIST_FILE = YES;
				MARKETING_VERSION = 1.0;
				PRODUCT_BUNDLE_IDENTIFIER = "com.codepath.MetaU-Capstone-ProjectUITests";
				PRODUCT_NAME = "$(TARGET_NAME)";
				SWIFT_EMIT_LOC_STRINGS = NO;
				TARGETED_DEVICE_FAMILY = "1,2";
				TEST_TARGET_NAME = "MetaU Capstone Project";
			};
			name = Release;
		};
/* End XCBuildConfiguration section */

/* Begin XCConfigurationList section */
		C2B2432A2874A2A2003EAE4C /* Build configuration list for PBXProject "MetaU Capstone Project" */ = {
			isa = XCConfigurationList;
			buildConfigurations = (
				C2B2435C2874A2A3003EAE4C /* Debug */,
				C2B2435D2874A2A3003EAE4C /* Release */,
			);
			defaultConfigurationIsVisible = 0;
			defaultConfigurationName = Release;
		};
		C2B2435E2874A2A3003EAE4C /* Build configuration list for PBXNativeTarget "MetaU Capstone Project" */ = {
			isa = XCConfigurationList;
			buildConfigurations = (
				C2B2435F2874A2A3003EAE4C /* Debug */,
				C2B243602874A2A3003EAE4C /* Release */,
			);
			defaultConfigurationIsVisible = 0;
			defaultConfigurationName = Release;
		};
		C2B243612874A2A3003EAE4C /* Build configuration list for PBXNativeTarget "MetaU Capstone ProjectTests" */ = {
			isa = XCConfigurationList;
			buildConfigurations = (
				C2B243622874A2A3003EAE4C /* Debug */,
				C2B243632874A2A3003EAE4C /* Release */,
			);
			defaultConfigurationIsVisible = 0;
			defaultConfigurationName = Release;
		};
		C2B243642874A2A3003EAE4C /* Build configuration list for PBXNativeTarget "MetaU Capstone ProjectUITests" */ = {
			isa = XCConfigurationList;
			buildConfigurations = (
				C2B243652874A2A3003EAE4C /* Debug */,
				C2B243662874A2A3003EAE4C /* Release */,
			);
			defaultConfigurationIsVisible = 0;
			defaultConfigurationName = Release;
		};
/* End XCConfigurationList section */
	};
	rootObject = C2B243272874A2A2003EAE4C /* Project object */;
}
